
Microsoft Visual Studio Solution File, Format Version 12.00
# Visual Studio Version 16
VisualStudioVersion = 16.0.31402.337
MinimumVisualStudioVersion = 10.0.40219.1
Project("{FAE04EC0-301F-11D3-BF4B-00C04F79EFBC}") = "LinqPracticing", "LinqPracticing\LinqPracticing.csproj", "{A89FA8DE-9EA3-4770-9C12-23C0663414E2}"
EndProject
Global
	GlobalSection(SolutionConfigurationPlatforms) = preSolution
		Debug|Any CPU = Debug|Any CPU
		Release|Any CPU = Release|Any CPU
	EndGlobalSection
	GlobalSection(ProjectConfigurationPlatforms) = postSolution
		{A89FA8DE-9EA3-4770-9C12-23C0663414E2}.Debug|Any CPU.ActiveCfg = Debug|Any CPU
		{A89FA8DE-9EA3-4770-9C12-23C0663414E2}.Debug|Any CPU.Build.0 = Debug|Any CPU
		{A89FA8DE-9EA3-4770-9C12-23C0663414E2}.Release|Any CPU.ActiveCfg = Release|Any CPU
		{A89FA8DE-9EA3-4770-9C12-23C0663414E2}.Release|Any CPU.Build.0 = Release|Any CPU
	EndGlobalSection
	GlobalSection(SolutionProperties) = preSolution
		HideSolutionNode = FALSE
	EndGlobalSection
	GlobalSection(ExtensibilityGlobals) = postSolution
		SolutionGuid = {0C057373-AF80-40CE-8C22-E098D4111AD7}
	EndGlobalSection
EndGlobal
